
Microsoft Visual Studio Solution File, Format Version 12.00
# Visual Studio Version 17
VisualStudioVersion = 17.14.36429.23 d17.14
MinimumVisualStudioVersion = 10.0.40219.1
Project("{FAE04EC0-301F-11D3-BF4B-00C04F79EFBC}") = "dmb_adminwpf", "dmb_adminwpf\dmb_adminwpf.csproj", "{EDB7C7FA-FA24-480C-9594-9B01453D7353}"
EndProject
Global
	GlobalSection(SolutionConfigurationPlatforms) = preSolution
		Debug|Any CPU = Debug|Any CPU
		Release|Any CPU = Release|Any CPU
	EndGlobalSection
	GlobalSection(ProjectConfigurationPlatforms) = postSolution
		{EDB7C7FA-FA24-480C-9594-9B01453D7353}.Debug|Any CPU.ActiveCfg = Debug|Any CPU
		{EDB7C7FA-FA24-480C-9594-9B01453D7353}.Debug|Any CPU.Build.0 = Debug|Any CPU
		{EDB7C7FA-FA24-480C-9594-9B01453D7353}.Release|Any CPU.ActiveCfg = Release|Any CPU
		{EDB7C7FA-FA24-480C-9594-9B01453D7353}.Release|Any CPU.Build.0 = Release|Any CPU
	EndGlobalSection
	GlobalSection(SolutionProperties) = preSolution
		HideSolutionNode = FALSE
	EndGlobalSection
	GlobalSection(ExtensibilityGlobals) = postSolution
		SolutionGuid = {1D5C0E69-F542-4DB3-BD0B-A98596FD2D40}
	EndGlobalSection
EndGlobal
